// !$*UTF8*$!
{
	archiveVersion = 1;
	classes = {
	};
	objectVersion = 48;
	objects = {

/* Begin PBXBuildFile section */
		753003391FA9C63200C0B5F6 /* AppDelegate.m in Sources */ = {isa = PBXBuildFile; fileRef = 753003381FA9C63200C0B5F6 /* AppDelegate.m */; };
		7530033C1FA9C63200C0B5F6 /* ViewController.m in Sources */ = {isa = PBXBuildFile; fileRef = 7530033B1FA9C63200C0B5F6 /* ViewController.m */; };
		7530033F1FA9C63200C0B5F6 /* Main.storyboard in Resources */ = {isa = PBXBuildFile; fileRef = 7530033D1FA9C63200C0B5F6 /* Main.storyboard */; };
		753003411FA9C63200C0B5F6 /* Assets.xcassets in Resources */ = {isa = PBXBuildFile; fileRef = 753003401FA9C63200C0B5F6 /* Assets.xcassets */; };
		753003441FA9C63200C0B5F6 /* LaunchScreen.storyboard in Resources */ = {isa = PBXBuildFile; fileRef = 753003421FA9C63200C0B5F6 /* LaunchScreen.storyboard */; };
		753003471FA9C63200C0B5F6 /* main.m in Sources */ = {isa = PBXBuildFile; fileRef = 753003461FA9C63200C0B5F6 /* main.m */; };
		7530034E1FA9C6DB00C0B5F6 /* sortednames.plist in Resources */ = {isa = PBXBuildFile; fileRef = 7530034D1FA9C6DB00C0B5F6 /* sortednames.plist */; };
		753003511FA9E18900C0B5F6 /* SearchResultsController.m in Sources */ = {isa = PBXBuildFile; fileRef = 753003501FA9E18900C0B5F6 /* SearchResultsController.m */; };
/* End PBXBuildFile section */

/* Begin PBXFileReference section */
		753003341FA9C63200C0B5F6 /* Sections.app */ = {isa = PBXFileReference; explicitFileType = wrapper.application; includeInIndex = 0; path = Sections.app; sourceTree = BUILT_PRODUCTS_DIR; };
		753003371FA9C63200C0B5F6 /* AppDelegate.h */ = {isa = PBXFileReference; lastKnownFileType = sourcecode.c.h; path = AppDelegate.h; sourceTree = "<group>"; };
		753003381FA9C63200C0B5F6 /* AppDelegate.m */ = {isa = PBXFileReference; lastKnownFileType = sourcecode.c.objc; path = AppDelegate.m; sourceTree = "<group>"; };
		7530033A1FA9C63200C0B5F6 /* ViewController.h */ = {isa = PBXFileReference; lastKnownFileType = sourcecode.c.h; path = ViewController.h; sourceTree = "<group>"; };
		7530033B1FA9C63200C0B5F6 /* ViewController.m */ = {isa = PBXFileReference; lastKnownFileType = sourcecode.c.objc; path = ViewController.m; sourceTree = "<group>"; };
		7530033E1FA9C63200C0B5F6 /* Base */ = {isa = PBXFileReference; lastKnownFileType = file.storyboard; name = Base; path = Base.lproj/Main.storyboard; sourceTree = "<group>"; };
		753003401FA9C63200C0B5F6 /* Assets.xcassets */ = {isa = PBXFileReference; lastKnownFileType = folder.assetcatalog; path = Assets.xcassets; sourceTree = "<group>"; };
		753003431FA9C63200C0B5F6 /* Base */ = {isa = PBXFileReference; lastKnownFileType = file.storyboard; name = Base; path = Base.lproj/LaunchScreen.storyboard; sourceTree = "<group>"; };
		753003451FA9C63200C0B5F6 /* Info.plist */ = {isa = PBXFileReference; lastKnownFileType = text.plist.xml; path = Info.plist; sourceTree = "<group>"; };
		753003461FA9C63200C0B5F6 /* main.m */ = {isa = PBXFileReference; lastKnownFileType = sourcecode.c.objc; path = main.m; sourceTree = "<group>"; };
		7530034D1FA9C6DB00C0B5F6 /* sortednames.plist */ = {isa = PBXFileReference; fileEncoding = 4; lastKnownFileType = text.plist.xml; name = sortednames.plist; path = "../../Programming iOS /Examples/08 - Sections Data/sortednames.plist"; sourceTree = "<group>"; };
		7530034F1FA9E18900C0B5F6 /* SearchResultsController.h */ = {isa = PBXFileReference; lastKnownFileType = sourcecode.c.h; path = SearchResultsController.h; sourceTree = "<group>"; };
		753003501FA9E18900C0B5F6 /* SearchResultsController.m */ = {isa = PBXFileReference; lastKnownFileType = sourcecode.c.objc; path = SearchResultsController.m; sourceTree = "<group>"; };
/* End PBXFileReference section */

/* Begin PBXFrameworksBuildPhase section */
		753003311FA9C63200C0B5F6 /* Frameworks */ = {
			isa = PBXFrameworksBuildPhase;
			buildActionMask = 2147483647;
			files = (
			);
			runOnlyForDeploymentPostprocessing = 0;
		};
/* End PBXFrameworksBuildPhase section */

/* Begin PBXGroup section */
		7530032B1FA9C63200C0B5F6 = {
			isa = PBXGroup;
			children = (
				753003361FA9C63200C0B5F6 /* Sections */,
				753003351FA9C63200C0B5F6 /* Products */,
			);
			sourceTree = "<group>";
		};
		753003351FA9C63200C0B5F6 /* Products */ = {
			isa = PBXGroup;
			children = (
				753003341FA9C63200C0B5F6 /* Sections.app */,
			);
			name = Products;
			sourceTree = "<group>";
		};
		753003361FA9C63200C0B5F6 /* Sections */ = {
			isa = PBXGroup;
			children = (
				7530034D1FA9C6DB00C0B5F6 /* sortednames.plist */,
				753003371FA9C63200C0B5F6 /* AppDelegate.h */,
				753003381FA9C63200C0B5F6 /* AppDelegate.m */,
				7530033A1FA9C63200C0B5F6 /* ViewController.h */,
				7530033B1FA9C63200C0B5F6 /* ViewController.m */,
				7530033D1FA9C63200C0B5F6 /* Main.storyboard */,
				753003401FA9C63200C0B5F6 /* Assets.xcassets */,
				753003421FA9C63200C0B5F6 /* LaunchScreen.storyboard */,
				753003451FA9C63200C0B5F6 /* Info.plist */,
				753003461FA9C63200C0B5F6 /* main.m */,
				7530034F1FA9E18900C0B5F6 /* SearchResultsController.h */,
				753003501FA9E18900C0B5F6 /* SearchResultsController.m */,
			);
			path = Sections;
			sourceTree = "<group>";
		};
/* End PBXGroup section */

/* Begin PBXNativeTarget section */
		753003331FA9C63200C0B5F6 /* Sections */ = {
			isa = PBXNativeTarget;
			buildConfigurationList = 7530034A1FA9C63200C0B5F6 /* Build configuration list for PBXNativeTarget "Sections" */;
			buildPhases = (
				753003301FA9C63200C0B5F6 /* Sources */,
				753003311FA9C63200C0B5F6 /* Frameworks */,
				753003321FA9C63200C0B5F6 /* Resources */,
			);
			buildRules = (
			);
			dependencies = (
			);
			name = Sections;
			productName = Sections;
			productReference = 753003341FA9C63200C0B5F6 /* Sections.app */;
			productType = "com.apple.product-type.application";
		};
/* End PBXNativeTarget section */

/* Begin PBXProject section */
		7530032C1FA9C63200C0B5F6 /* Project object */ = {
			isa = PBXProject;
			attributes = {
				LastUpgradeCheck = 0900;
				ORGANIZATIONNAME = timenull;
				TargetAttributes = {
					753003331FA9C63200C0B5F6 = {
						CreatedOnToolsVersion = 9.0.1;
						ProvisioningStyle = Automatic;
					};
				};
			};
			buildConfigurationList = 7530032F1FA9C63200C0B5F6 /* Build configuration list for PBXProject "Sections" */;
			compatibilityVersion = "Xcode 8.0";
			developmentRegion = en;
			hasScannedForEncodings = 0;
			knownRegions = (
				en,
				Base,
			);
			mainGroup = 7530032B1FA9C63200C0B5F6;
			productRefGroup = 753003351FA9C63200C0B5F6 /* Products */;
			projectDirPath = "";
			projectRoot = "";
			targets = (
				753003331FA9C63200C0B5F6 /* Sections */,
			);
		};
/* End PBXProject section */

/* Begin PBXResourcesBuildPhase section */
		753003321FA9C63200C0B5F6 /* Resources */ = {
			isa = PBXResourcesBuildPhase;
			buildActionMask = 2147483647;
			files = (
				7530034E1FA9C6DB00C0B5F6 /* sortednames.plist in Resources */,
				753003441FA9C63200C0B5F6 /* LaunchScreen.storyboard in Resources */,
				753003411FA9C63200C0B5F6 /* Assets.xcassets in Resources */,
				7530033F1FA9C63200C0B5F6 /* Main.storyboard in Resources */,
			);
			runOnlyForDeploymentPostprocessing = 0;
		};
/* End PBXResourcesBuildPhase section */

/* Begin PBXSourcesBuildPhase section */
		753003301FA9C63200C0B5F6 /* Sources */ = {
			isa = PBXSourcesBuildPhase;
			buildActionMask = 2147483647;
			files = (
				7530033C1FA9C63200C0B5F6 /* ViewController.m in Sources */,
				753003471FA9C63200C0B5F6 /* main.m in Sources */,
				753003511FA9E18900C0B5F6 /* SearchResultsController.m in Sources */,
				753003391FA9C63200C0B5F6 /* AppDelegate.m in Sources */,
			);
			runOnlyForDeploymentPostprocessing = 0;
		};
/* End PBXSourcesBuildPhase section */

/* Begin PBXVariantGroup section */
		7530033D1FA9C63200C0B5F6 /* Main.storyboard */ = {
			isa = PBXVariantGroup;
			children = (
				7530033E1FA9C63200C0B5F6 /* Base */,
			);
			name = Main.storyboard;
			sourceTree = "<group>";
		};
		753003421FA9C63200C0B5F6 /* LaunchScreen.storyboard */ = {
			isa = PBXVariantGroup;
			children = (
				753003431FA9C63200C0B5F6 /* Base */,
			);
			name = LaunchScreen.storyboard;
			sourceTree = "<group>";
		};
/* End PBXVariantGroup section */

/* Begin XCBuildConfiguration section */
		753003481FA9C63200C0B5F6 /* Debug */ = {
			isa = XCBuildConfiguration;
			buildSettings = {
				ALWAYS_SEARCH_USER_PATHS = NO;
				CLANG_ANALYZER_NONNULL = YES;
				CLANG_ANALYZER_NUMBER_OBJECT_CONVERSION = YES_AGGRESSIVE;
				CLANG_CXX_LANGUAGE_STANDARD = "gnu++14";
				CLANG_CXX_LIBRARY = "libc++";
				CLANG_ENABLE_MODULES = YES;
				CLANG_ENABLE_OBJC_ARC = YES;
				CLANG_WARN_BLOCK_CAPTURE_AUTORELEASING = YES;
				CLANG_WARN_BOOL_CONVERSION = YES;
				CLANG_WARN_COMMA = YES;
				CLANG_WARN_CONSTANT_CONVERSION = YES;
				CLANG_WARN_DIRECT_OBJC_ISA_USAGE = YES_ERROR;
				CLANG_WARN_DOCUMENTATION_COMMENTS = YES;
				CLANG_WARN_EMPTY_BODY = YES;
				CLANG_WARN_ENUM_CONVERSION = YES;
				CLANG_WARN_INFINITE_RECURSION = YES;
				CLANG_WARN_INT_CONVERSION = YES;
				CLANG_WARN_NON_LITERAL_NULL_CONVERSION = YES;
				CLANG_WARN_OBJC_LITERAL_CONVERSION = YES;
				CLANG_WARN_OBJC_ROOT_CLASS = YES_ERROR;
				CLANG_WARN_RANGE_LOOP_ANALYSIS = YES;
				CLANG_WARN_STRICT_PROTOTYPES = YES;
				CLANG_WARN_SUSPICIOUS_MOVE = YES;
				CLANG_WARN_UNGUARDED_AVAILABILITY = YES_AGGRESSIVE;
				CLANG_WARN_UNREACHABLE_CODE = YES;
				CLANG_WARN__DUPLICATE_METHOD_MATCH = YES;
				CODE_SIGN_IDENTITY = "iPhone Developer";
				COPY_PHASE_STRIP = NO;
				DEBUG_INFORMATION_FORMAT = dwarf;
				ENABLE_STRICT_OBJC_MSGSEND = YES;
				ENABLE_TESTABILITY = YES;
				GCC_C_LANGUAGE_STANDARD = gnu11;
				GCC_DYNAMIC_NO_PIC = NO;
				GCC_NO_COMMON_BLOCKS = YES;
				GCC_OPTIMIZATION_LEVEL = 0;
				GCC_PREPROCESSOR_DEFINITIONS = (
					"DEBUG=1",
					"$(inherited)",
				);
				GCC_WARN_64_TO_32_BIT_CONVERSION = YES;
				GCC_WARN_ABOUT_RETURN_TYPE = YES_ERROR;
				GCC_WARN_UNDECLARED_SELECTOR = YES;
				GCC_WARN_UNINITIALIZED_AUTOS = YES_AGGRESSIVE;
				GCC_WARN_UNUSED_FUNCTION = YES;
				GCC_WARN_UNUSED_VARIABLE = YES;
				IPHONEOS_DEPLOYMENT_TARGET = 11.0;
				MTL_ENABLE_DEBUG_INFO = YES;
				ONLY_ACTIVE_ARCH = YES;
				SDKROOT = iphoneos;
			};
			name = Debug;
		};
		753003491FA9C63200C0B5F6 /* Release */ = {
			isa = XCBuildConfiguration;
			buildSettings = {
				ALWAYS_SEARCH_USER_PATHS = NO;
				CLANG_ANALYZER_NONNULL = YES;
				CLANG_ANALYZER_NUMBER_OBJECT_CONVERSION = YES_AGGRESSIVE;
				CLANG_CXX_LANGUAGE_STANDARD = "gnu++14";
				CLANG_CXX_LIBRARY = "libc++";
				CLANG_ENABLE_MODULES = YES;
				CLANG_ENABLE_OBJC_ARC = YES;
				CLANG_WARN_BLOCK_CAPTURE_AUTORELEASING = YES;
				CLANG_WARN_BOOL_CONVERSION = YES;
				CLANG_WARN_COMMA = YES;
				CLANG_WARN_CONSTANT_CONVERSION = YES;
				CLANG_WARN_DIRECT_OBJC_ISA_USAGE = YES_ERROR;
				CLANG_WARN_DOCUMENTATION_COMMENTS = YES;
				CLANG_WARN_EMPTY_BODY = YES;
				CLANG_WARN_ENUM_CONVERSION = YES;
				CLANG_WARN_INFINITE_RECURSION = YES;
				CLANG_WARN_INT_CONVERSION = YES;
				CLANG_WARN_NON_LITERAL_NULL_CONVERSION = YES;
				CLANG_WARN_OBJC_LITERAL_CONVERSION = YES;
				CLANG_WARN_OBJC_ROOT_CLASS = YES_ERROR;
				CLANG_WARN_RANGE_LOOP_ANALYSIS = YES;
				CLANG_WARN_STRICT_PROTOTYPES = YES;
				CLANG_WARN_SUSPICIOUS_MOVE = YES;
				CLANG_WARN_UNGUARDED_AVAILABILITY = YES_AGGRESSIVE;
				CLANG_WARN_UNREACHABLE_CODE = YES;
				CLANG_WARN__DUPLICATE_METHOD_MATCH = YES;
				CODE_SIGN_IDENTITY = "iPhone Developer";
				COPY_PHASE_STRIP = NO;
				DEBUG_INFORMATION_FORMAT = "dwarf-with-dsym";
				ENABLE_NS_ASSERTIONS = NO;
				ENABLE_STRICT_OBJC_MSGSEND = YES;
				GCC_C_LANGUAGE_STANDARD = gnu11;
				GCC_NO_COMMON_BLOCKS = YES;
				GCC_WARN_64_TO_32_BIT_CONVERSION = YES;
				GCC_WARN_ABOUT_RETURN_TYPE = YES_ERROR;
				GCC_WARN_UNDECLARED_SELECTOR = YES;
				GCC_WARN_UNINITIALIZED_AUTOS = YES_AGGRESSIVE;
				GCC_WARN_UNUSED_FUNCTION = YES;
				GCC_WARN_UNUSED_VARIABLE = YES;
				IPHONEOS_DEPLOYMENT_TARGET = 11.0;
				MTL_ENABLE_DEBUG_INFO = NO;
				SDKROOT = iphoneos;
				VALIDATE_PRODUCT = YES;
			};
			name = Release;
		};
		7530034B1FA9C63200C0B5F6 /* Debug */ = {
			isa = XCBuildConfiguration;
			buildSettings = {
				ASSETCATALOG_COMPILER_APPICON_NAME = AppIcon;
				CODE_SIGN_STYLE = Automatic;
				DEVELOPMENT_TEAM = 3TCV2JHRWP;
				INFOPLIST_FILE = Sections/Info.plist;
				LD_RUNPATH_SEARCH_PATHS = "$(inherited) @executable_path/Frameworks";
				PRODUCT_BUNDLE_IDENTIFIER = timenull.Sections;
				PRODUCT_NAME = "$(TARGET_NAME)";
				TARGETED_DEVICE_FAMILY = "1,2";
			};
			name = Debug;
		};
		7530034C1FA9C63200C0B5F6 /* Release */ = {
			isa = XCBuildConfiguration;
			buildSettings = {
				ASSETCATALOG_COMPILER_APPICON_NAME = AppIcon;
				CODE_SIGN_STYLE = Automatic;
				DEVELOPMENT_TEAM = 3TCV2JHRWP;
				INFOPLIST_FILE = Sections/Info.plist;
				LD_RUNPATH_SEARCH_PATHS = "$(inherited) @executable_path/Frameworks";
				PRODUCT_BUNDLE_IDENTIFIER = timenull.Sections;
				PRODUCT_NAME = "$(TARGET_NAME)";
				TARGETED_DEVICE_FAMILY = "1,2";
			};
			name = Release;
		};
/* End XCBuildConfiguration section */

/* Begin XCConfigurationList section */
		7530032F1FA9C63200C0B5F6 /* Build configuration list for PBXProject "Sections" */ = {
			isa = XCConfigurationList;
			buildConfigurations = (
				753003481FA9C63200C0B5F6 /* Debug */,
				753003491FA9C63200C0B5F6 /* Release */,
			);
			defaultConfigurationIsVisible = 0;
			defaultConfigurationName = Release;
		};
		7530034A1FA9C63200C0B5F6 /* Build configuration list for PBXNativeTarget "Sections" */ = {
			isa = XCConfigurationList;
			buildConfigurations = (
				7530034B1FA9C63200C0B5F6 /* Debug */,
				7530034C1FA9C63200C0B5F6 /* Release */,
			);
			defaultConfigurationIsVisible = 0;
			defaultConfigurationName = Release;
		};
/* End XCConfigurationList section */
	};
	rootObject = 7530032C1FA9C63200C0B5F6 /* Project object */;
}
